
Microsoft Visual Studio Solution File, Format Version 12.00
# Visual Studio 14
VisualStudioVersion = 14.0.25123.0
MinimumVisualStudioVersion = 10.0.40219.1
Project("{2150E333-8FDC-42A3-9474-1A3956D46DE8}") = "Web", "Web", "{FE85BF48-5411-4405-889D-D32707033AF0}"
EndProject
Project("{FAE04EC0-301F-11D3-BF4B-00C04F79EFBC}") = "Web.Api", "src\Web\Web.Api\Web.Api.csproj", "{2027DB5E-66C4-4822-A865-EA3C0611B1CC}"
EndProject
Global
	GlobalSection(SolutionConfigurationPlatforms) = preSolution
		Debug|Any CPU = Debug|Any CPU
		Release|Any CPU = Release|Any CPU
	EndGlobalSection
	GlobalSection(ProjectConfigurationPlatforms) = postSolution
		{2027DB5E-66C4-4822-A865-EA3C0611B1CC}.Debug|Any CPU.ActiveCfg = Debug|Any CPU
		{2027DB5E-66C4-4822-A865-EA3C0611B1CC}.Debug|Any CPU.Build.0 = Debug|Any CPU
		{2027DB5E-66C4-4822-A865-EA3C0611B1CC}.Release|Any CPU.ActiveCfg = Release|Any CPU
		{2027DB5E-66C4-4822-A865-EA3C0611B1CC}.Release|Any CPU.Build.0 = Release|Any CPU
	EndGlobalSection
	GlobalSection(SolutionProperties) = preSolution
		HideSolutionNode = FALSE
	EndGlobalSection
	GlobalSection(NestedProjects) = preSolution
		{2027DB5E-66C4-4822-A865-EA3C0611B1CC} = {FE85BF48-5411-4405-889D-D32707033AF0}
	EndGlobalSection
EndGlobal
